
Microsoft Visual Studio Solution File, Format Version 12.00
# Visual Studio Version 16
VisualStudioVersion = 16.0.31129.286
MinimumVisualStudioVersion = 10.0.40219.1
Project("{FAE04EC0-301F-11D3-BF4B-00C04F79EFBC}") = "PhanQuyen", "PhanQuyen\PhanQuyen.csproj", "{94E5AE6C-C4D1-4A39-B0E2-FDDD4370DFBB}"
EndProject
Global
	GlobalSection(SolutionConfigurationPlatforms) = preSolution
		Debug|Any CPU = Debug|Any CPU
		Release|Any CPU = Release|Any CPU
	EndGlobalSection
	GlobalSection(ProjectConfigurationPlatforms) = postSolution
		{94E5AE6C-C4D1-4A39-B0E2-FDDD4370DFBB}.Debug|Any CPU.ActiveCfg = Debug|Any CPU
		{94E5AE6C-C4D1-4A39-B0E2-FDDD4370DFBB}.Debug|Any CPU.Build.0 = Debug|Any CPU
		{94E5AE6C-C4D1-4A39-B0E2-FDDD4370DFBB}.Release|Any CPU.ActiveCfg = Release|Any CPU
		{94E5AE6C-C4D1-4A39-B0E2-FDDD4370DFBB}.Release|Any CPU.Build.0 = Release|Any CPU
	EndGlobalSection
	GlobalSection(SolutionProperties) = preSolution
		HideSolutionNode = FALSE
	EndGlobalSection
	GlobalSection(ExtensibilityGlobals) = postSolution
		SolutionGuid = {58DA1E2B-1410-459E-A19D-FBC92F911749}
	EndGlobalSection
EndGlobal
